// !$*UTF8*$!
{
	archiveVersion = 1;
	classes = {
	};
	objectVersion = 56;
	objects = {

/* Begin PBXBuildFile section */
		65BEDCB82D5196A800A56AA8 /* AppDelegate.swift in Sources */ = {isa = PBXBuildFile; fileRef = 65BEDCB72D5196A800A56AA8 /* AppDelegate.swift */; };
		65BEDCBA2D5196A800A56AA8 /* SceneDelegate.swift in Sources */ = {isa = PBXBuildFile; fileRef = 65BEDCB92D5196A800A56AA8 /* SceneDelegate.swift */; };
		65BEDCBC2D5196A800A56AA8 /* PTabViewController.swift in Sources */ = {isa = PBXBuildFile; fileRef = 65BEDCBB2D5196A800A56AA8 /* PTabViewController.swift */; };
		65BEDCC12D5196AB00A56AA8 /* Assets.xcassets in Resources */ = {isa = PBXBuildFile; fileRef = 65BEDCC02D5196AB00A56AA8 /* Assets.xcassets */; };
		65BEDCC42D5196AB00A56AA8 /* LaunchScreen.storyboard in Resources */ = {isa = PBXBuildFile; fileRef = 65BEDCC22D5196AB00A56AA8 /* LaunchScreen.storyboard */; };
		65BEDCCF2D5196AB00A56AA8 /* PokemonAppTests.swift in Sources */ = {isa = PBXBuildFile; fileRef = 65BEDCCE2D5196AB00A56AA8 /* PokemonAppTests.swift */; };
		65BEDCD92D5196AB00A56AA8 /* PokemonAppUITests.swift in Sources */ = {isa = PBXBuildFile; fileRef = 65BEDCD82D5196AB00A56AA8 /* PokemonAppUITests.swift */; };
		65BEDCDB2D5196AB00A56AA8 /* PokemonAppUITestsLaunchTests.swift in Sources */ = {isa = PBXBuildFile; fileRef = 65BEDCDA2D5196AB00A56AA8 /* PokemonAppUITestsLaunchTests.swift */; };
		65BEDCF02D51995A00A56AA8 /* PPokemon.swift in Sources */ = {isa = PBXBuildFile; fileRef = 65BEDCEF2D51995A00A56AA8 /* PPokemon.swift */; };
		65BEDCF22D51996500A56AA8 /* PEvoluton.swift in Sources */ = {isa = PBXBuildFile; fileRef = 65BEDCF12D51996500A56AA8 /* PEvoluton.swift */; };
		65BEDCF42D51997000A56AA8 /* PGame.swift in Sources */ = {isa = PBXBuildFile; fileRef = 65BEDCF32D51997000A56AA8 /* PGame.swift */; };
		65BEDCF62D51998800A56AA8 /* PPokemonViewController.swift in Sources */ = {isa = PBXBuildFile; fileRef = 65BEDCF52D51998800A56AA8 /* PPokemonViewController.swift */; };
		65BEDCF82D51999600A56AA8 /* PEvolutionsViewController.swift in Sources */ = {isa = PBXBuildFile; fileRef = 65BEDCF72D51999600A56AA8 /* PEvolutionsViewController.swift */; };
		65BEDCFA2D5199A200A56AA8 /* PGamesViewController.swift in Sources */ = {isa = PBXBuildFile; fileRef = 65BEDCF92D5199A200A56AA8 /* PGamesViewController.swift */; };
		65BEDCFC2D5199C000A56AA8 /* PSettingsViewController.swift in Sources */ = {isa = PBXBuildFile; fileRef = 65BEDCFB2D5199C000A56AA8 /* PSettingsViewController.swift */; };
/* End PBXBuildFile section */

/* Begin PBXContainerItemProxy section */
		65BEDCCB2D5196AB00A56AA8 /* PBXContainerItemProxy */ = {
			isa = PBXContainerItemProxy;
			containerPortal = 65BEDCAC2D5196A800A56AA8 /* Project object */;
			proxyType = 1;
			remoteGlobalIDString = 65BEDCB32D5196A800A56AA8;
			remoteInfo = PokemonApp;
		};
		65BEDCD52D5196AB00A56AA8 /* PBXContainerItemProxy */ = {
			isa = PBXContainerItemProxy;
			containerPortal = 65BEDCAC2D5196A800A56AA8 /* Project object */;
			proxyType = 1;
			remoteGlobalIDString = 65BEDCB32D5196A800A56AA8;
			remoteInfo = PokemonApp;
		};
/* End PBXContainerItemProxy section */

/* Begin PBXFileReference section */
		65BEDCB42D5196A800A56AA8 /* PokemonApp.app */ = {isa = PBXFileReference; explicitFileType = wrapper.application; includeInIndex = 0; path = PokemonApp.app; sourceTree = BUILT_PRODUCTS_DIR; };
		65BEDCB72D5196A800A56AA8 /* AppDelegate.swift */ = {isa = PBXFileReference; lastKnownFileType = sourcecode.swift; path = AppDelegate.swift; sourceTree = "<group>"; };
		65BEDCB92D5196A800A56AA8 /* SceneDelegate.swift */ = {isa = PBXFileReference; lastKnownFileType = sourcecode.swift; path = SceneDelegate.swift; sourceTree = "<group>"; };
		65BEDCBB2D5196A800A56AA8 /* PTabViewController.swift */ = {isa = PBXFileReference; lastKnownFileType = sourcecode.swift; path = PTabViewController.swift; sourceTree = "<group>"; };
		65BEDCC02D5196AB00A56AA8 /* Assets.xcassets */ = {isa = PBXFileReference; lastKnownFileType = folder.assetcatalog; path = Assets.xcassets; sourceTree = "<group>"; };
		65BEDCC32D5196AB00A56AA8 /* Base */ = {isa = PBXFileReference; lastKnownFileType = file.storyboard; name = Base; path = Base.lproj/LaunchScreen.storyboard; sourceTree = "<group>"; };
		65BEDCC52D5196AB00A56AA8 /* Info.plist */ = {isa = PBXFileReference; lastKnownFileType = text.plist.xml; path = Info.plist; sourceTree = "<group>"; };
		65BEDCCA2D5196AB00A56AA8 /* PokemonAppTests.xctest */ = {isa = PBXFileReference; explicitFileType = wrapper.cfbundle; includeInIndex = 0; path = PokemonAppTests.xctest; sourceTree = BUILT_PRODUCTS_DIR; };
		65BEDCCE2D5196AB00A56AA8 /* PokemonAppTests.swift */ = {isa = PBXFileReference; lastKnownFileType = sourcecode.swift; path = PokemonAppTests.swift; sourceTree = "<group>"; };
		65BEDCD42D5196AB00A56AA8 /* PokemonAppUITests.xctest */ = {isa = PBXFileReference; explicitFileType = wrapper.cfbundle; includeInIndex = 0; path = PokemonAppUITests.xctest; sourceTree = BUILT_PRODUCTS_DIR; };
		65BEDCD82D5196AB00A56AA8 /* PokemonAppUITests.swift */ = {isa = PBXFileReference; lastKnownFileType = sourcecode.swift; path = PokemonAppUITests.swift; sourceTree = "<group>"; };
		65BEDCDA2D5196AB00A56AA8 /* PokemonAppUITestsLaunchTests.swift */ = {isa = PBXFileReference; lastKnownFileType = sourcecode.swift; path = PokemonAppUITestsLaunchTests.swift; sourceTree = "<group>"; };
		65BEDCEF2D51995A00A56AA8 /* PPokemon.swift */ = {isa = PBXFileReference; lastKnownFileType = sourcecode.swift; path = PPokemon.swift; sourceTree = "<group>"; };
		65BEDCF12D51996500A56AA8 /* PEvoluton.swift */ = {isa = PBXFileReference; lastKnownFileType = sourcecode.swift; path = PEvoluton.swift; sourceTree = "<group>"; };
		65BEDCF32D51997000A56AA8 /* PGame.swift */ = {isa = PBXFileReference; lastKnownFileType = sourcecode.swift; path = PGame.swift; sourceTree = "<group>"; };
		65BEDCF52D51998800A56AA8 /* PPokemonViewController.swift */ = {isa = PBXFileReference; lastKnownFileType = sourcecode.swift; path = PPokemonViewController.swift; sourceTree = "<group>"; };
		65BEDCF72D51999600A56AA8 /* PEvolutionsViewController.swift */ = {isa = PBXFileReference; lastKnownFileType = sourcecode.swift; path = PEvolutionsViewController.swift; sourceTree = "<group>"; };
		65BEDCF92D5199A200A56AA8 /* PGamesViewController.swift */ = {isa = PBXFileReference; lastKnownFileType = sourcecode.swift; path = PGamesViewController.swift; sourceTree = "<group>"; };
		65BEDCFB2D5199C000A56AA8 /* PSettingsViewController.swift */ = {isa = PBXFileReference; lastKnownFileType = sourcecode.swift; path = PSettingsViewController.swift; sourceTree = "<group>"; };
/* End PBXFileReference section */

/* Begin PBXFrameworksBuildPhase section */
		65BEDCB12D5196A800A56AA8 /* Frameworks */ = {
			isa = PBXFrameworksBuildPhase;
			buildActionMask = 2147483647;
			files = (
			);
			runOnlyForDeploymentPostprocessing = 0;
		};
		65BEDCC72D5196AB00A56AA8 /* Frameworks */ = {
			isa = PBXFrameworksBuildPhase;
			buildActionMask = 2147483647;
			files = (
			);
			runOnlyForDeploymentPostprocessing = 0;
		};
		65BEDCD12D5196AB00A56AA8 /* Frameworks */ = {
			isa = PBXFrameworksBuildPhase;
			buildActionMask = 2147483647;
			files = (
			);
			runOnlyForDeploymentPostprocessing = 0;
		};
/* End PBXFrameworksBuildPhase section */

/* Begin PBXGroup section */
		65BEDCAB2D5196A800A56AA8 = {
			isa = PBXGroup;
			children = (
				65BEDCB62D5196A800A56AA8 /* PokemonApp */,
				65BEDCCD2D5196AB00A56AA8 /* PokemonAppTests */,
				65BEDCD72D5196AB00A56AA8 /* PokemonAppUITests */,
				65BEDCB52D5196A800A56AA8 /* Products */,
			);
			sourceTree = "<group>";
		};
		65BEDCB52D5196A800A56AA8 /* Products */ = {
			isa = PBXGroup;
			children = (
				65BEDCB42D5196A800A56AA8 /* PokemonApp.app */,
				65BEDCCA2D5196AB00A56AA8 /* PokemonAppTests.xctest */,
				65BEDCD42D5196AB00A56AA8 /* PokemonAppUITests.xctest */,
			);
			name = Products;
			sourceTree = "<group>";
		};
		65BEDCB62D5196A800A56AA8 /* PokemonApp */ = {
			isa = PBXGroup;
			children = (
				65BEDCEE2D51993800A56AA8 /* Resources */,
				65BEDCED2D51992A00A56AA8 /* Managers */,
				65BEDCEC2D51990000A56AA8 /* APIClient */,
				65BEDCEB2D5198FA00A56AA8 /* ViewModels */,
				65BEDCEA2D5198EF00A56AA8 /* Views */,
				65BEDCE92D5198E800A56AA8 /* Models */,
				65BEDCE72D5198CD00A56AA8 /* Controllers */,
				65BEDCC52D5196AB00A56AA8 /* Info.plist */,
			);
			path = PokemonApp;
			sourceTree = "<group>";
		};
		65BEDCCD2D5196AB00A56AA8 /* PokemonAppTests */ = {
			isa = PBXGroup;
			children = (
				65BEDCCE2D5196AB00A56AA8 /* PokemonAppTests.swift */,
			);
			path = PokemonAppTests;
			sourceTree = "<group>";
		};
		65BEDCD72D5196AB00A56AA8 /* PokemonAppUITests */ = {
			isa = PBXGroup;
			children = (
				65BEDCD82D5196AB00A56AA8 /* PokemonAppUITests.swift */,
				65BEDCDA2D5196AB00A56AA8 /* PokemonAppUITestsLaunchTests.swift */,
			);
			path = PokemonAppUITests;
			sourceTree = "<group>";
		};
		65BEDCE72D5198CD00A56AA8 /* Controllers */ = {
			isa = PBXGroup;
			children = (
				65BEDCE82D5198DF00A56AA8 /* Core */,
			);
			path = Controllers;
			sourceTree = "<group>";
		};
		65BEDCE82D5198DF00A56AA8 /* Core */ = {
			isa = PBXGroup;
			children = (
				65BEDCBB2D5196A800A56AA8 /* PTabViewController.swift */,
				65BEDCF52D51998800A56AA8 /* PPokemonViewController.swift */,
				65BEDCF72D51999600A56AA8 /* PEvolutionsViewController.swift */,
				65BEDCF92D5199A200A56AA8 /* PGamesViewController.swift */,
				65BEDCFB2D5199C000A56AA8 /* PSettingsViewController.swift */,
			);
			path = Core;
			sourceTree = "<group>";
		};
		65BEDCE92D5198E800A56AA8 /* Models */ = {
			isa = PBXGroup;
			children = (
				65BEDCEF2D51995A00A56AA8 /* PPokemon.swift */,
				65BEDCF12D51996500A56AA8 /* PEvoluton.swift */,
				65BEDCF32D51997000A56AA8 /* PGame.swift */,
			);
			path = Models;
			sourceTree = "<group>";
		};
		65BEDCEA2D5198EF00A56AA8 /* Views */ = {
			isa = PBXGroup;
			children = (
			);
			path = Views;
			sourceTree = "<group>";
		};
		65BEDCEB2D5198FA00A56AA8 /* ViewModels */ = {
			isa = PBXGroup;
			children = (
			);
			path = ViewModels;
			sourceTree = "<group>";
		};
		65BEDCEC2D51990000A56AA8 /* APIClient */ = {
			isa = PBXGroup;
			children = (
			);
			path = APIClient;
			sourceTree = "<group>";
		};
		65BEDCED2D51992A00A56AA8 /* Managers */ = {
			isa = PBXGroup;
			children = (
			);
			path = Managers;
			sourceTree = "<group>";
		};
		65BEDCEE2D51993800A56AA8 /* Resources */ = {
			isa = PBXGroup;
			children = (
				65BEDCB72D5196A800A56AA8 /* AppDelegate.swift */,
				65BEDCB92D5196A800A56AA8 /* SceneDelegate.swift */,
				65BEDCC02D5196AB00A56AA8 /* Assets.xcassets */,
				65BEDCC22D5196AB00A56AA8 /* LaunchScreen.storyboard */,
			);
			path = Resources;
			sourceTree = "<group>";
		};
/* End PBXGroup section */

/* Begin PBXNativeTarget section */
		65BEDCB32D5196A800A56AA8 /* PokemonApp */ = {
			isa = PBXNativeTarget;
			buildConfigurationList = 65BEDCDE2D5196AB00A56AA8 /* Build configuration list for PBXNativeTarget "PokemonApp" */;
			buildPhases = (
				65BEDCB02D5196A800A56AA8 /* Sources */,
				65BEDCB12D5196A800A56AA8 /* Frameworks */,
				65BEDCB22D5196A800A56AA8 /* Resources */,
			);
			buildRules = (
			);
			dependencies = (
			);
			name = PokemonApp;
			productName = PokemonApp;
			productReference = 65BEDCB42D5196A800A56AA8 /* PokemonApp.app */;
			productType = "com.apple.product-type.application";
		};
		65BEDCC92D5196AB00A56AA8 /* PokemonAppTests */ = {
			isa = PBXNativeTarget;
			buildConfigurationList = 65BEDCE12D5196AB00A56AA8 /* Build configuration list for PBXNativeTarget "PokemonAppTests" */;
			buildPhases = (
				65BEDCC62D5196AB00A56AA8 /* Sources */,
				65BEDCC72D5196AB00A56AA8 /* Frameworks */,
				65BEDCC82D5196AB00A56AA8 /* Resources */,
			);
			buildRules = (
			);
			dependencies = (
				65BEDCCC2D5196AB00A56AA8 /* PBXTargetDependency */,
			);
			name = PokemonAppTests;
			productName = PokemonAppTests;
			productReference = 65BEDCCA2D5196AB00A56AA8 /* PokemonAppTests.xctest */;
			productType = "com.apple.product-type.bundle.unit-test";
		};
		65BEDCD32D5196AB00A56AA8 /* PokemonAppUITests */ = {
			isa = PBXNativeTarget;
			buildConfigurationList = 65BEDCE42D5196AB00A56AA8 /* Build configuration list for PBXNativeTarget "PokemonAppUITests" */;
			buildPhases = (
				65BEDCD02D5196AB00A56AA8 /* Sources */,
				65BEDCD12D5196AB00A56AA8 /* Frameworks */,
				65BEDCD22D5196AB00A56AA8 /* Resources */,
			);
			buildRules = (
			);
			dependencies = (
				65BEDCD62D5196AB00A56AA8 /* PBXTargetDependency */,
			);
			name = PokemonAppUITests;
			productName = PokemonAppUITests;
			productReference = 65BEDCD42D5196AB00A56AA8 /* PokemonAppUITests.xctest */;
			productType = "com.apple.product-type.bundle.ui-testing";
		};
/* End PBXNativeTarget section */

/* Begin PBXProject section */
		65BEDCAC2D5196A800A56AA8 /* Project object */ = {
			isa = PBXProject;
			attributes = {
				BuildIndependentTargetsInParallel = 1;
				LastSwiftUpdateCheck = 1520;
				LastUpgradeCheck = 1520;
				TargetAttributes = {
					65BEDCB32D5196A800A56AA8 = {
						CreatedOnToolsVersion = 15.2;
					};
					65BEDCC92D5196AB00A56AA8 = {
						CreatedOnToolsVersion = 15.2;
						TestTargetID = 65BEDCB32D5196A800A56AA8;
					};
					65BEDCD32D5196AB00A56AA8 = {
						CreatedOnToolsVersion = 15.2;
						TestTargetID = 65BEDCB32D5196A800A56AA8;
					};
				};
			};
			buildConfigurationList = 65BEDCAF2D5196A800A56AA8 /* Build configuration list for PBXProject "PokemonApp" */;
			compatibilityVersion = "Xcode 14.0";
			developmentRegion = en;
			hasScannedForEncodings = 0;
			knownRegions = (
				en,
				Base,
			);
			mainGroup = 65BEDCAB2D5196A800A56AA8;
			productRefGroup = 65BEDCB52D5196A800A56AA8 /* Products */;
			projectDirPath = "";
			projectRoot = "";
			targets = (
				65BEDCB32D5196A800A56AA8 /* PokemonApp */,
				65BEDCC92D5196AB00A56AA8 /* PokemonAppTests */,
				65BEDCD32D5196AB00A56AA8 /* PokemonAppUITests */,
			);
		};
/* End PBXProject section */

/* Begin PBXResourcesBuildPhase section */
		65BEDCB22D5196A800A56AA8 /* Resources */ = {
			isa = PBXResourcesBuildPhase;
			buildActionMask = 2147483647;
			files = (
				65BEDCC42D5196AB00A56AA8 /* LaunchScreen.storyboard in Resources */,
				65BEDCC12D5196AB00A56AA8 /* Assets.xcassets in Resources */,
			);
			runOnlyForDeploymentPostprocessing = 0;
		};
		65BEDCC82D5196AB00A56AA8 /* Resources */ = {
			isa = PBXResourcesBuildPhase;
			buildActionMask = 2147483647;
			files = (
			);
			runOnlyForDeploymentPostprocessing = 0;
		};
		65BEDCD22D5196AB00A56AA8 /* Resources */ = {
			isa = PBXResourcesBuildPhase;
			buildActionMask = 2147483647;
			files = (
			);
			runOnlyForDeploymentPostprocessing = 0;
		};
/* End PBXResourcesBuildPhase section */

/* Begin PBXSourcesBuildPhase section */
		65BEDCB02D5196A800A56AA8 /* Sources */ = {
			isa = PBXSourcesBuildPhase;
			buildActionMask = 2147483647;
			files = (
				65BEDCF62D51998800A56AA8 /* PPokemonViewController.swift in Sources */,
				65BEDCFA2D5199A200A56AA8 /* PGamesViewController.swift in Sources */,
				65BEDCF22D51996500A56AA8 /* PEvoluton.swift in Sources */,
				65BEDCBC2D5196A800A56AA8 /* PTabViewController.swift in Sources */,
				65BEDCF42D51997000A56AA8 /* PGame.swift in Sources */,
				65BEDCB82D5196A800A56AA8 /* AppDelegate.swift in Sources */,
				65BEDCFC2D5199C000A56AA8 /* PSettingsViewController.swift in Sources */,
				65BEDCF82D51999600A56AA8 /* PEvolutionsViewController.swift in Sources */,
				65BEDCF02D51995A00A56AA8 /* PPokemon.swift in Sources */,
				65BEDCBA2D5196A800A56AA8 /* SceneDelegate.swift in Sources */,
			);
			runOnlyForDeploymentPostprocessing = 0;
		};
		65BEDCC62D5196AB00A56AA8 /* Sources */ = {
			isa = PBXSourcesBuildPhase;
			buildActionMask = 2147483647;
			files = (
				65BEDCCF2D5196AB00A56AA8 /* PokemonAppTests.swift in Sources */,
			);
			runOnlyForDeploymentPostprocessing = 0;
		};
		65BEDCD02D5196AB00A56AA8 /* Sources */ = {
			isa = PBXSourcesBuildPhase;
			buildActionMask = 2147483647;
			files = (
				65BEDCDB2D5196AB00A56AA8 /* PokemonAppUITestsLaunchTests.swift in Sources */,
				65BEDCD92D5196AB00A56AA8 /* PokemonAppUITests.swift in Sources */,
			);
			runOnlyForDeploymentPostprocessing = 0;
		};
/* End PBXSourcesBuildPhase section */

/* Begin PBXTargetDependency section */
		65BEDCCC2D5196AB00A56AA8 /* PBXTargetDependency */ = {
			isa = PBXTargetDependency;
			target = 65BEDCB32D5196A800A56AA8 /* PokemonApp */;
			targetProxy = 65BEDCCB2D5196AB00A56AA8 /* PBXContainerItemProxy */;
		};
		65BEDCD62D5196AB00A56AA8 /* PBXTargetDependency */ = {
			isa = PBXTargetDependency;
			target = 65BEDCB32D5196A800A56AA8 /* PokemonApp */;
			targetProxy = 65BEDCD52D5196AB00A56AA8 /* PBXContainerItemProxy */;
		};
/* End PBXTargetDependency section */

/* Begin PBXVariantGroup section */
		65BEDCC22D5196AB00A56AA8 /* LaunchScreen.storyboard */ = {
			isa = PBXVariantGroup;
			children = (
				65BEDCC32D5196AB00A56AA8 /* Base */,
			);
			name = LaunchScreen.storyboard;
			sourceTree = "<group>";
		};
/* End PBXVariantGroup section */

/* Begin XCBuildConfiguration section */
		65BEDCDC2D5196AB00A56AA8 /* Debug */ = {
			isa = XCBuildConfiguration;
			buildSettings = {
				ALWAYS_SEARCH_USER_PATHS = NO;
				ASSETCATALOG_COMPILER_GENERATE_SWIFT_ASSET_SYMBOL_EXTENSIONS = YES;
				CLANG_ANALYZER_NONNULL = YES;
				CLANG_ANALYZER_NUMBER_OBJECT_CONVERSION = YES_AGGRESSIVE;
				CLANG_CXX_LANGUAGE_STANDARD = "gnu++20";
				CLANG_ENABLE_MODULES = YES;
				CLANG_ENABLE_OBJC_ARC = YES;
				CLANG_ENABLE_OBJC_WEAK = YES;
				CLANG_WARN_BLOCK_CAPTURE_AUTORELEASING = YES;
				CLANG_WARN_BOOL_CONVERSION = YES;
				CLANG_WARN_COMMA = YES;
				CLANG_WARN_CONSTANT_CONVERSION = YES;
				CLANG_WARN_DEPRECATED_OBJC_IMPLEMENTATIONS = YES;
				CLANG_WARN_DIRECT_OBJC_ISA_USAGE = YES_ERROR;
				CLANG_WARN_DOCUMENTATION_COMMENTS = YES;
				CLANG_WARN_EMPTY_BODY = YES;
				CLANG_WARN_ENUM_CONVERSION = YES;
				CLANG_WARN_INFINITE_RECURSION = YES;
				CLANG_WARN_INT_CONVERSION = YES;
				CLANG_WARN_NON_LITERAL_NULL_CONVERSION = YES;
				CLANG_WARN_OBJC_IMPLICIT_RETAIN_SELF = YES;
				CLANG_WARN_OBJC_LITERAL_CONVERSION = YES;
				CLANG_WARN_OBJC_ROOT_CLASS = YES_ERROR;
				CLANG_WARN_QUOTED_INCLUDE_IN_FRAMEWORK_HEADER = YES;
				CLANG_WARN_RANGE_LOOP_ANALYSIS = YES;
				CLANG_WARN_STRICT_PROTOTYPES = YES;
				CLANG_WARN_SUSPICIOUS_MOVE = YES;
				CLANG_WARN_UNGUARDED_AVAILABILITY = YES_AGGRESSIVE;
				CLANG_WARN_UNREACHABLE_CODE = YES;
				CLANG_WARN__DUPLICATE_METHOD_MATCH = YES;
				COPY_PHASE_STRIP = NO;
				DEBUG_INFORMATION_FORMAT = dwarf;
				ENABLE_STRICT_OBJC_MSGSEND = YES;
				ENABLE_TESTABILITY = YES;
				ENABLE_USER_SCRIPT_SANDBOXING = YES;
				GCC_C_LANGUAGE_STANDARD = gnu17;
				GCC_DYNAMIC_NO_PIC = NO;
				GCC_NO_COMMON_BLOCKS = YES;
				GCC_OPTIMIZATION_LEVEL = 0;
				GCC_PREPROCESSOR_DEFINITIONS = (
					"DEBUG=1",
					"$(inherited)",
				);
				GCC_WARN_64_TO_32_BIT_CONVERSION = YES;
				GCC_WARN_ABOUT_RETURN_TYPE = YES_ERROR;
				GCC_WARN_UNDECLARED_SELECTOR = YES;
				GCC_WARN_UNINITIALIZED_AUTOS = YES_AGGRESSIVE;
				GCC_WARN_UNUSED_FUNCTION = YES;
				GCC_WARN_UNUSED_VARIABLE = YES;
				IPHONEOS_DEPLOYMENT_TARGET = 17.2;
				LOCALIZATION_PREFERS_STRING_CATALOGS = YES;
				MTL_ENABLE_DEBUG_INFO = INCLUDE_SOURCE;
				MTL_FAST_MATH = YES;
				ONLY_ACTIVE_ARCH = YES;
				SDKROOT = iphoneos;
				SWIFT_ACTIVE_COMPILATION_CONDITIONS = "DEBUG $(inherited)";
				SWIFT_OPTIMIZATION_LEVEL = "-Onone";
			};
			name = Debug;
		};
		65BEDCDD2D5196AB00A56AA8 /* Release */ = {
			isa = XCBuildConfiguration;
			buildSettings = {
				ALWAYS_SEARCH_USER_PATHS = NO;
				ASSETCATALOG_COMPILER_GENERATE_SWIFT_ASSET_SYMBOL_EXTENSIONS = YES;
				CLANG_ANALYZER_NONNULL = YES;
				CLANG_ANALYZER_NUMBER_OBJECT_CONVERSION = YES_AGGRESSIVE;
				CLANG_CXX_LANGUAGE_STANDARD = "gnu++20";
				CLANG_ENABLE_MODULES = YES;
				CLANG_ENABLE_OBJC_ARC = YES;
				CLANG_ENABLE_OBJC_WEAK = YES;
				CLANG_WARN_BLOCK_CAPTURE_AUTORELEASING = YES;
				CLANG_WARN_BOOL_CONVERSION = YES;
				CLANG_WARN_COMMA = YES;
				CLANG_WARN_CONSTANT_CONVERSION = YES;
				CLANG_WARN_DEPRECATED_OBJC_IMPLEMENTATIONS = YES;
				CLANG_WARN_DIRECT_OBJC_ISA_USAGE = YES_ERROR;
				CLANG_WARN_DOCUMENTATION_COMMENTS = YES;
				CLANG_WARN_EMPTY_BODY = YES;
				CLANG_WARN_ENUM_CONVERSION = YES;
				CLANG_WARN_INFINITE_RECURSION = YES;
				CLANG_WARN_INT_CONVERSION = YES;
				CLANG_WARN_NON_LITERAL_NULL_CONVERSION = YES;
				CLANG_WARN_OBJC_IMPLICIT_RETAIN_SELF = YES;
				CLANG_WARN_OBJC_LITERAL_CONVERSION = YES;
				CLANG_WARN_OBJC_ROOT_CLASS = YES_ERROR;
				CLANG_WARN_QUOTED_INCLUDE_IN_FRAMEWORK_HEADER = YES;
				CLANG_WARN_RANGE_LOOP_ANALYSIS = YES;
				CLANG_WARN_STRICT_PROTOTYPES = YES;
				CLANG_WARN_SUSPICIOUS_MOVE = YES;
				CLANG_WARN_UNGUARDED_AVAILABILITY = YES_AGGRESSIVE;
				CLANG_WARN_UNREACHABLE_CODE = YES;
				CLANG_WARN__DUPLICATE_METHOD_MATCH = YES;
				COPY_PHASE_STRIP = NO;
				DEBUG_INFORMATION_FORMAT = "dwarf-with-dsym";
				ENABLE_NS_ASSERTIONS = NO;
				ENABLE_STRICT_OBJC_MSGSEND = YES;
				ENABLE_USER_SCRIPT_SANDBOXING = YES;
				GCC_C_LANGUAGE_STANDARD = gnu17;
				GCC_NO_COMMON_BLOCKS = YES;
				GCC_WARN_64_TO_32_BIT_CONVERSION = YES;
				GCC_WARN_ABOUT_RETURN_TYPE = YES_ERROR;
				GCC_WARN_UNDECLARED_SELECTOR = YES;
				GCC_WARN_UNINITIALIZED_AUTOS = YES_AGGRESSIVE;
				GCC_WARN_UNUSED_FUNCTION = YES;
				GCC_WARN_UNUSED_VARIABLE = YES;
				IPHONEOS_DEPLOYMENT_TARGET = 17.2;
				LOCALIZATION_PREFERS_STRING_CATALOGS = YES;
				MTL_ENABLE_DEBUG_INFO = NO;
				MTL_FAST_MATH = YES;
				SDKROOT = iphoneos;
				SWIFT_COMPILATION_MODE = wholemodule;
				VALIDATE_PRODUCT = YES;
			};
			name = Release;
		};
		65BEDCDF2D5196AB00A56AA8 /* Debug */ = {
			isa = XCBuildConfiguration;
			buildSettings = {
				ASSETCATALOG_COMPILER_APPICON_NAME = AppIcon;
				ASSETCATALOG_COMPILER_GLOBAL_ACCENT_COLOR_NAME = AccentColor;
				CODE_SIGN_STYLE = Automatic;
				CURRENT_PROJECT_VERSION = 1;
				DEVELOPMENT_TEAM = 5BJA233RFX;
				GENERATE_INFOPLIST_FILE = YES;
				INFOPLIST_FILE = PokemonApp/Info.plist;
				INFOPLIST_KEY_UIApplicationSupportsIndirectInputEvents = YES;
				INFOPLIST_KEY_UILaunchStoryboardName = LaunchScreen;
				INFOPLIST_KEY_UISupportedInterfaceOrientations_iPad = "UIInterfaceOrientationPortrait UIInterfaceOrientationPortraitUpsideDown UIInterfaceOrientationLandscapeLeft UIInterfaceOrientationLandscapeRight";
				INFOPLIST_KEY_UISupportedInterfaceOrientations_iPhone = "UIInterfaceOrientationPortrait UIInterfaceOrientationLandscapeLeft UIInterfaceOrientationLandscapeRight";
				LD_RUNPATH_SEARCH_PATHS = (
					"$(inherited)",
					"@executable_path/Frameworks",
				);
				MARKETING_VERSION = 1.0;
				PRODUCT_BUNDLE_IDENTIFIER = veronique.hager.PokemonApp;
				PRODUCT_NAME = "$(TARGET_NAME)";
				SWIFT_EMIT_LOC_STRINGS = YES;
				SWIFT_VERSION = 5.0;
				TARGETED_DEVICE_FAMILY = "1,2";
			};
			name = Debug;
		};
		65BEDCE02D5196AB00A56AA8 /* Release */ = {
			isa = XCBuildConfiguration;
			buildSettings = {
				ASSETCATALOG_COMPILER_APPICON_NAME = AppIcon;
				ASSETCATALOG_COMPILER_GLOBAL_ACCENT_COLOR_NAME = AccentColor;
				CODE_SIGN_STYLE = Automatic;
				CURRENT_PROJECT_VERSION = 1;
				DEVELOPMENT_TEAM = 5BJA233RFX;
				GENERATE_INFOPLIST_FILE = YES;
				INFOPLIST_FILE = PokemonApp/Info.plist;
				INFOPLIST_KEY_UIApplicationSupportsIndirectInputEvents = YES;
				INFOPLIST_KEY_UILaunchStoryboardName = LaunchScreen;
				INFOPLIST_KEY_UISupportedInterfaceOrientations_iPad = "UIInterfaceOrientationPortrait UIInterfaceOrientationPortraitUpsideDown UIInterfaceOrientationLandscapeLeft UIInterfaceOrientationLandscapeRight";
				INFOPLIST_KEY_UISupportedInterfaceOrientations_iPhone = "UIInterfaceOrientationPortrait UIInterfaceOrientationLandscapeLeft UIInterfaceOrientationLandscapeRight";
				LD_RUNPATH_SEARCH_PATHS = (
					"$(inherited)",
					"@executable_path/Frameworks",
				);
				MARKETING_VERSION = 1.0;
				PRODUCT_BUNDLE_IDENTIFIER = veronique.hager.PokemonApp;
				PRODUCT_NAME = "$(TARGET_NAME)";
				SWIFT_EMIT_LOC_STRINGS = YES;
				SWIFT_VERSION = 5.0;
				TARGETED_DEVICE_FAMILY = "1,2";
			};
			name = Release;
		};
		65BEDCE22D5196AB00A56AA8 /* Debug */ = {
			isa = XCBuildConfiguration;
			buildSettings = {
				ALWAYS_EMBED_SWIFT_STANDARD_LIBRARIES = YES;
				BUNDLE_LOADER = "$(TEST_HOST)";
				CODE_SIGN_STYLE = Automatic;
				CURRENT_PROJECT_VERSION = 1;
				DEVELOPMENT_TEAM = 5BJA233RFX;
				GENERATE_INFOPLIST_FILE = YES;
				IPHONEOS_DEPLOYMENT_TARGET = 17.2;
				MARKETING_VERSION = 1.0;
				PRODUCT_BUNDLE_IDENTIFIER = veronique.hager.PokemonAppTests;
				PRODUCT_NAME = "$(TARGET_NAME)";
				SWIFT_EMIT_LOC_STRINGS = NO;
				SWIFT_VERSION = 5.0;
				TARGETED_DEVICE_FAMILY = "1,2";
				TEST_HOST = "$(BUILT_PRODUCTS_DIR)/PokemonApp.app/$(BUNDLE_EXECUTABLE_FOLDER_PATH)/PokemonApp";
			};
			name = Debug;
		};
		65BEDCE32D5196AB00A56AA8 /* Release */ = {
			isa = XCBuildConfiguration;
			buildSettings = {
				ALWAYS_EMBED_SWIFT_STANDARD_LIBRARIES = YES;
				BUNDLE_LOADER = "$(TEST_HOST)";
				CODE_SIGN_STYLE = Automatic;
				CURRENT_PROJECT_VERSION = 1;
				DEVELOPMENT_TEAM = 5BJA233RFX;
				GENERATE_INFOPLIST_FILE = YES;
				IPHONEOS_DEPLOYMENT_TARGET = 17.2;
				MARKETING_VERSION = 1.0;
				PRODUCT_BUNDLE_IDENTIFIER = veronique.hager.PokemonAppTests;
				PRODUCT_NAME = "$(TARGET_NAME)";
				SWIFT_EMIT_LOC_STRINGS = NO;
				SWIFT_VERSION = 5.0;
				TARGETED_DEVICE_FAMILY = "1,2";
				TEST_HOST = "$(BUILT_PRODUCTS_DIR)/PokemonApp.app/$(BUNDLE_EXECUTABLE_FOLDER_PATH)/PokemonApp";
			};
			name = Release;
		};
		65BEDCE52D5196AB00A56AA8 /* Debug */ = {
			isa = XCBuildConfiguration;
			buildSettings = {
				ALWAYS_EMBED_SWIFT_STANDARD_LIBRARIES = YES;
				CODE_SIGN_STYLE = Automatic;
				CURRENT_PROJECT_VERSION = 1;
				DEVELOPMENT_TEAM = 5BJA233RFX;
				GENERATE_INFOPLIST_FILE = YES;
				MARKETING_VERSION = 1.0;
				PRODUCT_BUNDLE_IDENTIFIER = veronique.hager.PokemonAppUITests;
				PRODUCT_NAME = "$(TARGET_NAME)";
				SWIFT_EMIT_LOC_STRINGS = NO;
				SWIFT_VERSION = 5.0;
				TARGETED_DEVICE_FAMILY = "1,2";
				TEST_TARGET_NAME = PokemonApp;
			};
			name = Debug;
		};
		65BEDCE62D5196AB00A56AA8 /* Release */ = {
			isa = XCBuildConfiguration;
			buildSettings = {
				ALWAYS_EMBED_SWIFT_STANDARD_LIBRARIES = YES;
				CODE_SIGN_STYLE = Automatic;
				CURRENT_PROJECT_VERSION = 1;
				DEVELOPMENT_TEAM = 5BJA233RFX;
				GENERATE_INFOPLIST_FILE = YES;
				MARKETING_VERSION = 1.0;
				PRODUCT_BUNDLE_IDENTIFIER = veronique.hager.PokemonAppUITests;
				PRODUCT_NAME = "$(TARGET_NAME)";
				SWIFT_EMIT_LOC_STRINGS = NO;
				SWIFT_VERSION = 5.0;
				TARGETED_DEVICE_FAMILY = "1,2";
				TEST_TARGET_NAME = PokemonApp;
			};
			name = Release;
		};
/* End XCBuildConfiguration section */

/* Begin XCConfigurationList section */
		65BEDCAF2D5196A800A56AA8 /* Build configuration list for PBXProject "PokemonApp" */ = {
			isa = XCConfigurationList;
			buildConfigurations = (
				65BEDCDC2D5196AB00A56AA8 /* Debug */,
				65BEDCDD2D5196AB00A56AA8 /* Release */,
			);
			defaultConfigurationIsVisible = 0;
			defaultConfigurationName = Release;
		};
		65BEDCDE2D5196AB00A56AA8 /* Build configuration list for PBXNativeTarget "PokemonApp" */ = {
			isa = XCConfigurationList;
			buildConfigurations = (
				65BEDCDF2D5196AB00A56AA8 /* Debug */,
				65BEDCE02D5196AB00A56AA8 /* Release */,
			);
			defaultConfigurationIsVisible = 0;
			defaultConfigurationName = Release;
		};
		65BEDCE12D5196AB00A56AA8 /* Build configuration list for PBXNativeTarget "PokemonAppTests" */ = {
			isa = XCConfigurationList;
			buildConfigurations = (
				65BEDCE22D5196AB00A56AA8 /* Debug */,
				65BEDCE32D5196AB00A56AA8 /* Release */,
			);
			defaultConfigurationIsVisible = 0;
			defaultConfigurationName = Release;
		};
		65BEDCE42D5196AB00A56AA8 /* Build configuration list for PBXNativeTarget "PokemonAppUITests" */ = {
			isa = XCConfigurationList;
			buildConfigurations = (
				65BEDCE52D5196AB00A56AA8 /* Debug */,
				65BEDCE62D5196AB00A56AA8 /* Release */,
			);
			defaultConfigurationIsVisible = 0;
			defaultConfigurationName = Release;
		};
/* End XCConfigurationList section */
	};
	rootObject = 65BEDCAC2D5196A800A56AA8 /* Project object */;
}
